<?xml version="1.0" encoding="utf-8"?>
<Project ToolsVersion="4.0" xmlns="http://schemas.microsoft.com/developer/msbuild/2003">
  <ItemGroup>
    <Filter Include="Archivos de código fuente">
      <UniqueIdentifier>{4FC737F1-C7A5-4376-A066-2A32D752A2FF}</UniqueIdentifier>
      <Extensions>cpp;c;cc;cxx;def;odl;idl;hpj;bat;asm;asmx</Extensions>
    </Filter>
    <Filter Include="Archivos de encabezado">
      <UniqueIdentifier>{93995380-89BD-4b04-88EB-625FBE52EBFB}</UniqueIdentifier>
      <Extensions>h;hh;hpp;hxx;hm;inl;inc;xsd</Extensions>
    </Filter>
    <Filter Include="Archivos de recursos">
      <UniqueIdentifier>{67DA6AB6-F800-4c08-8B7A-83BB121AAD01}</UniqueIdentifier>
      <Extensions>rc;ico;cur;bmp;dlg;rc2;rct;bin;rgs;gif;jpg;jpeg;jpe;resx;tiff;tif;png;wav;mfcribbon-ms</Extensions>
    </Filter>
    <Filter Include="Archivos de código fuente\GameStates">
      <UniqueIdentifier>{c6444516-21f0-495b-9fe3-e1dbe767b0cd}</UniqueIdentifier>
    </Filter>
    <Filter Include="Archivos de encabezado\GameStates">
      <UniqueIdentifier>{fdd91ca2-1b66-4e30-bbe0-c78b47677602}</UniqueIdentifier>
    </Filter>
    <Filter Include="Archivos de código fuente\GameObjects">
      <UniqueIdentifier>{a2e0fc2b-4b23-48e8-8f9f-0e5c5d2f0de0}</UniqueIdentifier>
    </Filter>
    <Filter Include="Archivos de encabezado\GameObjects">
      <UniqueIdentifier>{87791b3c-c8fb-42c1-a33b-b47e40abaf36}</UniqueIdentifier>
    </Filter>
    <Filter Include="Archivos de código fuente\Errors">
      <UniqueIdentifier>{dac94d40-218e-4d86-8e39-6a42370b0b21}</UniqueIdentifier>
    </Filter>
    <Filter Include="Archivos de encabezado\Errors">
      <UniqueIdentifier>{4623bf3d-8928-4fdc-ba3a-091901471d00}</UniqueIdentifier>
    </Filter>
  </ItemGroup>
  <ItemGroup>
    <ClCompile Include="main.cpp">
      <Filter>Archivos de código fuente</Filter>
    </ClCompile>
    <ClCompile Include="texture.cpp">
      <Filter>Archivos de código fuente</Filter>
    </ClCompile>
    <ClCompile Include="SDLApplication.cpp">
      <Filter>Archivos de código fuente</Filter>
    </ClCompile>
    <ClCompile Include="Font.cpp">
      <Filter>Archivos de código fuente</Filter>
    </ClCompile>
    <ClCompile Include="GameStates\EndState.cpp">
      <Filter>Archivos de código fuente\GameStates</Filter>
    </ClCompile>
    <ClCompile Include="GameStates\GameState.cpp">
      <Filter>Archivos de código fuente\GameStates</Filter>
    </ClCompile>
    <ClCompile Include="GameStates\GameStateMachine.cpp">
      <Filter>Archivos de código fuente\GameStates</Filter>
    </ClCompile>
    <ClCompile Include="GameStates\MainMenuState.cpp">
      <Filter>Archivos de código fuente\GameStates</Filter>
    </ClCompile>
    <ClCompile Include="GameStates\PauseState.cpp">
      <Filter>Archivos de código fuente\GameStates</Filter>
    </ClCompile>
    <ClCompile Include="GameStates\PlayState.cpp">
      <Filter>Archivos de código fuente\GameStates</Filter>
    </ClCompile>
    <ClCompile Include="GameObjects\Alien.cpp">
      <Filter>Archivos de código fuente\GameObjects</Filter>
    </ClCompile>
    <ClCompile Include="GameObjects\Bomb.cpp">
      <Filter>Archivos de código fuente\GameObjects</Filter>
    </ClCompile>
    <ClCompile Include="GameObjects\Bunker.cpp">
      <Filter>Archivos de código fuente\GameObjects</Filter>
    </ClCompile>
    <ClCompile Include="GameObjects\Button.cpp">
      <Filter>Archivos de código fuente\GameObjects</Filter>
    </ClCompile>
    <ClCompile Include="GameObjects\Cannon.cpp">
      <Filter>Archivos de código fuente\GameObjects</Filter>
    </ClCompile>
    <ClCompile Include="GameObjects\GameObject.cpp">
      <Filter>Archivos de código fuente\GameObjects</Filter>
    </ClCompile>
    <ClCompile Include="GameObjects\Infobar.cpp">
      <Filter>Archivos de código fuente\GameObjects</Filter>
    </ClCompile>
    <ClCompile Include="GameObjects\Laser.cpp">
      <Filter>Archivos de código fuente\GameObjects</Filter>
    </ClCompile>
    <ClCompile Include="GameObjects\Mothership.cpp">
      <Filter>Archivos de código fuente\GameObjects</Filter>
    </ClCompile>
    <ClCompile Include="GameObjects\Rewards.cpp">
      <Filter>Archivos de código fuente\GameObjects</Filter>
    </ClCompile>
    <ClCompile Include="GameObjects\SceneObject.cpp">
      <Filter>Archivos de código fuente\GameObjects</Filter>
    </ClCompile>
    <ClCompile Include="GameObjects\ShooterAlien.cpp">
      <Filter>Archivos de código fuente\GameObjects</Filter>
    </ClCompile>
    <ClCompile Include="GameObjects\Ufo.cpp">
      <Filter>Archivos de código fuente\GameObjects</Filter>
    </ClCompile>
    <ClCompile Include="Errors\FileFormatError.cpp">
      <Filter>Archivos de código fuente\Errors</Filter>
    </ClCompile>
    <ClCompile Include="Errors\FileNotFoundError.cpp">
      <Filter>Archivos de código fuente\Errors</Filter>
    </ClCompile>
    <ClCompile Include="Errors\InvadersError.cpp">
      <Filter>Archivos de código fuente\Errors</Filter>
    </ClCompile>
    <ClCompile Include="Errors\SDLerror.cpp">
      <Filter>Archivos de código fuente\Errors</Filter>
    </ClCompile>
    <ClCompile Include="GameObjects\Kamikaze.cpp">
      <Filter>Archivos de código fuente\GameObjects</Filter>
    </ClCompile>
    <ClCompile Include="GameObjects\Weapon.cpp">
      <Filter>Archivos de código fuente\GameObjects</Filter>
    </ClCompile>
    <ClCompile Include="GameStates\ScrollingState.cpp">
      <Filter>Archivos de código fuente\GameStates</Filter>
    </ClCompile>
  </ItemGroup>
  <ItemGroup>
    <ClInclude Include="checkML.h">
      <Filter>Archivos de encabezado</Filter>
    </ClInclude>
    <ClInclude Include="texture.h">
      <Filter>Archivos de encabezado</Filter>
    </ClInclude>
    <ClInclude Include="Vector2D.h">
      <Filter>Archivos de encabezado</Filter>
    </ClInclude>
    <ClInclude Include="SDLApplication.h">
      <Filter>Archivos de encabezado</Filter>
    </ClInclude>
    <ClInclude Include="EventHandler.h">
      <Filter>Archivos de encabezado</Filter>
    </ClInclude>
    <ClInclude Include="Font.h">
      <Filter>Archivos de encabezado</Filter>
    </ClInclude>
    <ClInclude Include="GameStates\EndState.h">
      <Filter>Archivos de encabezado\GameStates</Filter>
    </ClInclude>
    <ClInclude Include="GameStates\GameState.h">
      <Filter>Archivos de encabezado\GameStates</Filter>
    </ClInclude>
    <ClInclude Include="GameStates\GameStateMachine.h">
      <Filter>Archivos de encabezado\GameStates</Filter>
    </ClInclude>
    <ClInclude Include="GameStates\MainMenuState.h">
      <Filter>Archivos de encabezado\GameStates</Filter>
    </ClInclude>
    <ClInclude Include="GameStates\PauseState.h">
      <Filter>Archivos de encabezado\GameStates</Filter>
    </ClInclude>
    <ClInclude Include="GameStates\PlayState.h">
      <Filter>Archivos de encabezado\GameStates</Filter>
    </ClInclude>
    <ClInclude Include="GameObjects\Alien.h">
      <Filter>Archivos de encabezado\GameObjects</Filter>
    </ClInclude>
    <ClInclude Include="GameObjects\Bomb.h">
      <Filter>Archivos de encabezado\GameObjects</Filter>
    </ClInclude>
    <ClInclude Include="GameObjects\Bunker.h">
      <Filter>Archivos de encabezado\GameObjects</Filter>
    </ClInclude>
    <ClInclude Include="GameObjects\Button.h">
      <Filter>Archivos de encabezado\GameObjects</Filter>
    </ClInclude>
    <ClInclude Include="GameObjects\Cannon.h">
      <Filter>Archivos de encabezado\GameObjects</Filter>
    </ClInclude>
    <ClInclude Include="GameObjects\gameList.h">
      <Filter>Archivos de encabezado\GameObjects</Filter>
    </ClInclude>
    <ClInclude Include="GameObjects\GameObject.h">
      <Filter>Archivos de encabezado\GameObjects</Filter>
    </ClInclude>
    <ClInclude Include="GameObjects\Infobar.h">
      <Filter>Archivos de encabezado\GameObjects</Filter>
    </ClInclude>
    <ClInclude Include="GameObjects\Laser.h">
      <Filter>Archivos de encabezado\GameObjects</Filter>
    </ClInclude>
    <ClInclude Include="GameObjects\Mothership.h">
      <Filter>Archivos de encabezado\GameObjects</Filter>
    </ClInclude>
    <ClInclude Include="GameObjects\Rewards.h">
      <Filter>Archivos de encabezado\GameObjects</Filter>
    </ClInclude>
    <ClInclude Include="GameObjects\SceneObject.h">
      <Filter>Archivos de encabezado\GameObjects</Filter>
    </ClInclude>
    <ClInclude Include="GameObjects\ShooterAlien.h">
      <Filter>Archivos de encabezado\GameObjects</Filter>
    </ClInclude>
    <ClInclude Include="GameObjects\Ufo.h">
      <Filter>Archivos de encabezado\GameObjects</Filter>
    </ClInclude>
    <ClInclude Include="Errors\FileFormatError.h">
      <Filter>Archivos de encabezado\Errors</Filter>
    </ClInclude>
    <ClInclude Include="Errors\FileNotFoundError.h">
      <Filter>Archivos de encabezado\Errors</Filter>
    </ClInclude>
    <ClInclude Include="Errors\InvadersError.h">
      <Filter>Archivos de encabezado\Errors</Filter>
    </ClInclude>
    <ClInclude Include="Errors\SDLError.h">
      <Filter>Archivos de encabezado\Errors</Filter>
    </ClInclude>
    <ClInclude Include="GameObjects\Kamikaze.h">
      <Filter>Archivos de encabezado\GameObjects</Filter>
    </ClInclude>
    <ClInclude Include="GameObjects\Weapon.h">
      <Filter>Archivos de encabezado\GameObjects</Filter>
    </ClInclude>
    <ClInclude Include="GameStates\ScrollingState.h">
      <Filter>Archivos de encabezado\GameStates</Filter>
    </ClInclude>
  </ItemGroup>
</Project>